{
  "markbot": "a177ca50c5ff164fdd8ed0b7b47dede730eb37d126aac12fd731dc9dfc6114f5",
  "markbotignore": "030a4e6e1b3b6b510514a7ae54576e2c2ef762d56236c6414ef634955d96a126",
  "index-before-960.png": "ed4816a8f70dc9803a71d16aff20aadf0fd9717f518809727d84e64719ed8eca",
  "index-before-1440.png": "c6a2e5f4b17bd62efbb75c2d7955059310caef8dc72f079a794ec4ffdb59b7bf",
  "index-after-960.png": "8de82f1d0b5d8b4b04df521b34fc35fbdb8bf43d95fcc5ae05fb5af2ed6b00fa",
  "index-after-1440.png": "60b9f45331be3b113d9cecc31e3bf7d0de12c447ff1111e944f87bdcde78ae34"
}